
Microsoft Visual Studio Solution File, Format Version 12.00
# Visual Studio Version 16
VisualStudioVersion = 16.6.30114.105
MinimumVisualStudioVersion = 10.0.40219.1
Project("{F2A71F9B-5D33-465A-A702-920D77279786}") = "Tracer", "src\lib\Tracer.fsproj", "{1AD0ED1A-9773-42E5-B26E-C2B28036D169}"
EndProject
Project("{F2A71F9B-5D33-465A-A702-920D77279786}") = "Tracer.Test", "test\Tracer.Test.fsproj", "{0E6BB73B-1C02-46D2-BF01-E52D728FA4BE}"
EndProject
Project("{2150E333-8FDC-42A3-9474-1A3956D46DE8}") = "src", "src", "{B9F16118-4898-4D1D-AC69-B38645A5BD58}"
EndProject
Project("{F2A71F9B-5D33-465A-A702-920D77279786}") = "Tracer.Cli", "src\cli\Tracer.Cli.fsproj", "{483D4213-DA56-4279-B039-E18EAA7E3B3B}"
EndProject
Global
	GlobalSection(SolutionProperties) = preSolution
		HideSolutionNode = FALSE
	EndGlobalSection
	GlobalSection(SolutionConfigurationPlatforms) = preSolution
		Debug|Any CPU = Debug|Any CPU
		Debug|x64 = Debug|x64
		Debug|x86 = Debug|x86
		Release|Any CPU = Release|Any CPU
		Release|x64 = Release|x64
		Release|x86 = Release|x86
	EndGlobalSection
	GlobalSection(ProjectConfigurationPlatforms) = postSolution
		{1AD0ED1A-9773-42E5-B26E-C2B28036D169}.Debug|Any CPU.ActiveCfg = Debug|Any CPU
		{1AD0ED1A-9773-42E5-B26E-C2B28036D169}.Debug|Any CPU.Build.0 = Debug|Any CPU
		{1AD0ED1A-9773-42E5-B26E-C2B28036D169}.Debug|x64.ActiveCfg = Debug|Any CPU
		{1AD0ED1A-9773-42E5-B26E-C2B28036D169}.Debug|x64.Build.0 = Debug|Any CPU
		{1AD0ED1A-9773-42E5-B26E-C2B28036D169}.Debug|x86.ActiveCfg = Debug|Any CPU
		{1AD0ED1A-9773-42E5-B26E-C2B28036D169}.Debug|x86.Build.0 = Debug|Any CPU
		{1AD0ED1A-9773-42E5-B26E-C2B28036D169}.Release|Any CPU.ActiveCfg = Release|Any CPU
		{1AD0ED1A-9773-42E5-B26E-C2B28036D169}.Release|Any CPU.Build.0 = Release|Any CPU
		{1AD0ED1A-9773-42E5-B26E-C2B28036D169}.Release|x64.ActiveCfg = Release|Any CPU
		{1AD0ED1A-9773-42E5-B26E-C2B28036D169}.Release|x64.Build.0 = Release|Any CPU
		{1AD0ED1A-9773-42E5-B26E-C2B28036D169}.Release|x86.ActiveCfg = Release|Any CPU
		{1AD0ED1A-9773-42E5-B26E-C2B28036D169}.Release|x86.Build.0 = Release|Any CPU
		{0E6BB73B-1C02-46D2-BF01-E52D728FA4BE}.Debug|Any CPU.ActiveCfg = Debug|Any CPU
		{0E6BB73B-1C02-46D2-BF01-E52D728FA4BE}.Debug|Any CPU.Build.0 = Debug|Any CPU
		{0E6BB73B-1C02-46D2-BF01-E52D728FA4BE}.Debug|x64.ActiveCfg = Debug|Any CPU
		{0E6BB73B-1C02-46D2-BF01-E52D728FA4BE}.Debug|x64.Build.0 = Debug|Any CPU
		{0E6BB73B-1C02-46D2-BF01-E52D728FA4BE}.Debug|x86.ActiveCfg = Debug|Any CPU
		{0E6BB73B-1C02-46D2-BF01-E52D728FA4BE}.Debug|x86.Build.0 = Debug|Any CPU
		{0E6BB73B-1C02-46D2-BF01-E52D728FA4BE}.Release|Any CPU.ActiveCfg = Release|Any CPU
		{0E6BB73B-1C02-46D2-BF01-E52D728FA4BE}.Release|Any CPU.Build.0 = Release|Any CPU
		{0E6BB73B-1C02-46D2-BF01-E52D728FA4BE}.Release|x64.ActiveCfg = Release|Any CPU
		{0E6BB73B-1C02-46D2-BF01-E52D728FA4BE}.Release|x64.Build.0 = Release|Any CPU
		{0E6BB73B-1C02-46D2-BF01-E52D728FA4BE}.Release|x86.ActiveCfg = Release|Any CPU
		{0E6BB73B-1C02-46D2-BF01-E52D728FA4BE}.Release|x86.Build.0 = Release|Any CPU
		{483D4213-DA56-4279-B039-E18EAA7E3B3B}.Debug|Any CPU.ActiveCfg = Debug|Any CPU
		{483D4213-DA56-4279-B039-E18EAA7E3B3B}.Debug|Any CPU.Build.0 = Debug|Any CPU
		{483D4213-DA56-4279-B039-E18EAA7E3B3B}.Debug|x64.ActiveCfg = Debug|Any CPU
		{483D4213-DA56-4279-B039-E18EAA7E3B3B}.Debug|x64.Build.0 = Debug|Any CPU
		{483D4213-DA56-4279-B039-E18EAA7E3B3B}.Debug|x86.ActiveCfg = Debug|Any CPU
		{483D4213-DA56-4279-B039-E18EAA7E3B3B}.Debug|x86.Build.0 = Debug|Any CPU
		{483D4213-DA56-4279-B039-E18EAA7E3B3B}.Release|Any CPU.ActiveCfg = Release|Any CPU
		{483D4213-DA56-4279-B039-E18EAA7E3B3B}.Release|Any CPU.Build.0 = Release|Any CPU
		{483D4213-DA56-4279-B039-E18EAA7E3B3B}.Release|x64.ActiveCfg = Release|Any CPU
		{483D4213-DA56-4279-B039-E18EAA7E3B3B}.Release|x64.Build.0 = Release|Any CPU
		{483D4213-DA56-4279-B039-E18EAA7E3B3B}.Release|x86.ActiveCfg = Release|Any CPU
		{483D4213-DA56-4279-B039-E18EAA7E3B3B}.Release|x86.Build.0 = Release|Any CPU
	EndGlobalSection
	GlobalSection(NestedProjects) = preSolution
		{483D4213-DA56-4279-B039-E18EAA7E3B3B} = {B9F16118-4898-4D1D-AC69-B38645A5BD58}
	EndGlobalSection
EndGlobal
